
Microsoft Visual Studio Solution File, Format Version 12.00
# Visual Studio Version 17
VisualStudioVersion = 17.9.34728.123
MinimumVisualStudioVersion = 10.0.40219.1
Project("{2150E333-8FDC-42A3-9474-1A3956D46DE8}") = "src", "src", "{2ADF0F0A-C852-4816-9200-871F28C24EE0}"
EndProject
Project("{9A19103F-16F7-4668-BE54-9A1E7A4F7556}") = "AGK.Domain", "src\AGK.Domain\AGK.Domain.csproj", "{55865EC4-C186-4CFD-93ED-5573B7538A77}"
EndProject
Project("{9A19103F-16F7-4668-BE54-9A1E7A4F7556}") = "AGK.RestAPI", "src\AGK.RestAPI\AGK.RestAPI.csproj", "{71FCA90D-5CDC-41F4-9DCD-FE4F92EA37D1}"
EndProject
Project("{54A90642-561A-4BB1-A94E-469ADEE60C69}") = "agk.webclient", "src\agk.webclient\agk.webclient.esproj", "{90066DC4-E0F4-456D-883C-230CEFA797B9}"
EndProject
Project("{9A19103F-16F7-4668-BE54-9A1E7A4F7556}") = "AGK.Infrastructure", "src\AGK.Infrastructure\AGK.Infrastructure.csproj", "{1E5D6AAA-4D83-4C47-B483-412B947E04E4}"
EndProject
Project("{9A19103F-16F7-4668-BE54-9A1E7A4F7556}") = "AGK.Application", "src\AGK.Application\AGK.Application.csproj", "{148FD041-446E-46D1-AB63-5DC6FA89884E}"
EndProject
Project("{2150E333-8FDC-42A3-9474-1A3956D46DE8}") = "tests", "tests", "{0101436B-A901-4181-AF9D-4565EB9CC41F}"
EndProject
Project("{9A19103F-16F7-4668-BE54-9A1E7A4F7556}") = "AGK.Tests", "tests\AGK.Tests\AGK.Tests.csproj", "{A2B48D3F-9933-4E56-9BCD-9AD0D98A390D}"
EndProject
Project("{2150E333-8FDC-42A3-9474-1A3956D46DE8}") = "Solution Items", "Solution Items", "{26D2ADC2-7A19-4811-8ABB-317A098DC9C2}"
	ProjectSection(SolutionItems) = preProject
		src\AddMigration.cmd = src\AddMigration.cmd
		src\DatabaseUpdate.cmd = src\DatabaseUpdate.cmd
		Directory.Build.props = Directory.Build.props
		Directory.Build.targets = Directory.Build.targets
		src\GlobalUsings.cs = src\GlobalUsings.cs
		src\RemoveMigration.cmd = src\RemoveMigration.cmd
	EndProjectSection
EndProject
Project("{9A19103F-16F7-4668-BE54-9A1E7A4F7556}") = "AGK.DataAccess", "src\AGK.DataAccess\AGK.DataAccess.csproj", "{30443C76-CC65-42F6-8132-1005C0B7FCC1}"
EndProject
Global
	GlobalSection(SolutionConfigurationPlatforms) = preSolution
		Debug|Any CPU = Debug|Any CPU
		Release|Any CPU = Release|Any CPU
	EndGlobalSection
	GlobalSection(ProjectConfigurationPlatforms) = postSolution
		{55865EC4-C186-4CFD-93ED-5573B7538A77}.Debug|Any CPU.ActiveCfg = Debug|Any CPU
		{55865EC4-C186-4CFD-93ED-5573B7538A77}.Debug|Any CPU.Build.0 = Debug|Any CPU
		{55865EC4-C186-4CFD-93ED-5573B7538A77}.Release|Any CPU.ActiveCfg = Release|Any CPU
		{55865EC4-C186-4CFD-93ED-5573B7538A77}.Release|Any CPU.Build.0 = Release|Any CPU
		{71FCA90D-5CDC-41F4-9DCD-FE4F92EA37D1}.Debug|Any CPU.ActiveCfg = Debug|Any CPU
		{71FCA90D-5CDC-41F4-9DCD-FE4F92EA37D1}.Debug|Any CPU.Build.0 = Debug|Any CPU
		{71FCA90D-5CDC-41F4-9DCD-FE4F92EA37D1}.Release|Any CPU.ActiveCfg = Release|Any CPU
		{71FCA90D-5CDC-41F4-9DCD-FE4F92EA37D1}.Release|Any CPU.Build.0 = Release|Any CPU
		{90066DC4-E0F4-456D-883C-230CEFA797B9}.Debug|Any CPU.ActiveCfg = Debug|Any CPU
		{90066DC4-E0F4-456D-883C-230CEFA797B9}.Debug|Any CPU.Build.0 = Debug|Any CPU
		{90066DC4-E0F4-456D-883C-230CEFA797B9}.Debug|Any CPU.Deploy.0 = Debug|Any CPU
		{90066DC4-E0F4-456D-883C-230CEFA797B9}.Release|Any CPU.ActiveCfg = Release|Any CPU
		{90066DC4-E0F4-456D-883C-230CEFA797B9}.Release|Any CPU.Build.0 = Release|Any CPU
		{90066DC4-E0F4-456D-883C-230CEFA797B9}.Release|Any CPU.Deploy.0 = Release|Any CPU
		{1E5D6AAA-4D83-4C47-B483-412B947E04E4}.Debug|Any CPU.ActiveCfg = Debug|Any CPU
		{1E5D6AAA-4D83-4C47-B483-412B947E04E4}.Debug|Any CPU.Build.0 = Debug|Any CPU
		{1E5D6AAA-4D83-4C47-B483-412B947E04E4}.Release|Any CPU.ActiveCfg = Release|Any CPU
		{1E5D6AAA-4D83-4C47-B483-412B947E04E4}.Release|Any CPU.Build.0 = Release|Any CPU
		{148FD041-446E-46D1-AB63-5DC6FA89884E}.Debug|Any CPU.ActiveCfg = Debug|Any CPU
		{148FD041-446E-46D1-AB63-5DC6FA89884E}.Debug|Any CPU.Build.0 = Debug|Any CPU
		{148FD041-446E-46D1-AB63-5DC6FA89884E}.Release|Any CPU.ActiveCfg = Release|Any CPU
		{148FD041-446E-46D1-AB63-5DC6FA89884E}.Release|Any CPU.Build.0 = Release|Any CPU
		{A2B48D3F-9933-4E56-9BCD-9AD0D98A390D}.Debug|Any CPU.ActiveCfg = Debug|Any CPU
		{A2B48D3F-9933-4E56-9BCD-9AD0D98A390D}.Debug|Any CPU.Build.0 = Debug|Any CPU
		{A2B48D3F-9933-4E56-9BCD-9AD0D98A390D}.Release|Any CPU.ActiveCfg = Release|Any CPU
		{A2B48D3F-9933-4E56-9BCD-9AD0D98A390D}.Release|Any CPU.Build.0 = Release|Any CPU
		{30443C76-CC65-42F6-8132-1005C0B7FCC1}.Debug|Any CPU.ActiveCfg = Debug|Any CPU
		{30443C76-CC65-42F6-8132-1005C0B7FCC1}.Debug|Any CPU.Build.0 = Debug|Any CPU
		{30443C76-CC65-42F6-8132-1005C0B7FCC1}.Release|Any CPU.ActiveCfg = Release|Any CPU
		{30443C76-CC65-42F6-8132-1005C0B7FCC1}.Release|Any CPU.Build.0 = Release|Any CPU
	EndGlobalSection
	GlobalSection(SolutionProperties) = preSolution
		HideSolutionNode = FALSE
	EndGlobalSection
	GlobalSection(NestedProjects) = preSolution
		{55865EC4-C186-4CFD-93ED-5573B7538A77} = {2ADF0F0A-C852-4816-9200-871F28C24EE0}
		{71FCA90D-5CDC-41F4-9DCD-FE4F92EA37D1} = {2ADF0F0A-C852-4816-9200-871F28C24EE0}
		{90066DC4-E0F4-456D-883C-230CEFA797B9} = {2ADF0F0A-C852-4816-9200-871F28C24EE0}
		{1E5D6AAA-4D83-4C47-B483-412B947E04E4} = {2ADF0F0A-C852-4816-9200-871F28C24EE0}
		{148FD041-446E-46D1-AB63-5DC6FA89884E} = {2ADF0F0A-C852-4816-9200-871F28C24EE0}
		{A2B48D3F-9933-4E56-9BCD-9AD0D98A390D} = {0101436B-A901-4181-AF9D-4565EB9CC41F}
		{30443C76-CC65-42F6-8132-1005C0B7FCC1} = {2ADF0F0A-C852-4816-9200-871F28C24EE0}
	EndGlobalSection
	GlobalSection(ExtensibilityGlobals) = postSolution
		SolutionGuid = {E46F4576-306F-4253-9B1F-98F3829CBB0A}
	EndGlobalSection
EndGlobal
