
Microsoft Visual Studio Solution File, Format Version 12.00
# Visual Studio Version 17
VisualStudioVersion = 17.11.35327.3
MinimumVisualStudioVersion = 10.0.40219.1
Project("{2150E333-8FDC-42A3-9474-1A3956D46DE8}") = "src", "src", "{17E488CA-F939-4E69-A95B-D2DB7135F628}"
EndProject
Project("{2150E333-8FDC-42A3-9474-1A3956D46DE8}") = "tests", "tests", "{7946FEE0-BF8C-4702-B5AE-DB8A46094A71}"
EndProject
Project("{2150E333-8FDC-42A3-9474-1A3956D46DE8}") = "Bootstraper", "Bootstraper", "{FF9EB9FE-4AFE-4B57-951D-5A91C963A7C0}"
EndProject
Project("{2150E333-8FDC-42A3-9474-1A3956D46DE8}") = "Shared", "Shared", "{CAFE2E0A-D48A-43EE-8AC4-7F30F318EFF2}"
EndProject
Project("{2150E333-8FDC-42A3-9474-1A3956D46DE8}") = "Modules", "Modules", "{B8A7B9F1-4E25-4AD6-8E52-3742D17A0D48}"
EndProject
Project("{9A19103F-16F7-4668-BE54-9A1E7A4F7556}") = "WebAGK.Shared.Abstractions", "src\shared\WebAGK.Shared.Abstractions\WebAGK.Shared.Abstractions.csproj", "{3B0959B0-FD4D-4A92-9A50-AFE64080A4C7}"
EndProject
Project("{9A19103F-16F7-4668-BE54-9A1E7A4F7556}") = "WebAGK.Shared.Infrastructure", "src\shared\WebAGK.Shared.Infrastructure\WebAGK.Shared.Infrastructure.csproj", "{E9EDB0F9-98EC-46F2-BC62-90EED8BADE82}"
EndProject
Project("{2150E333-8FDC-42A3-9474-1A3956D46DE8}") = "Employees", "Employees", "{1F0AAC55-C1BE-4F7C-BCCA-0CFFA565484C}"
EndProject
Project("{9A19103F-16F7-4668-BE54-9A1E7A4F7556}") = "WebAGK.Module.Employees.Api", "src\modules\Employees\WebAGK.Module.Employees.Api\WebAGK.Module.Employees.Api.csproj", "{43283CE8-8AEB-4CD6-91DC-7B61D3D7DB47}"
EndProject
Project("{9A19103F-16F7-4668-BE54-9A1E7A4F7556}") = "WebAGK.Module.Employees.Core", "src\modules\Employees\WebAGK.Module.Employees.Core\WebAGK.Module.Employees.Core.csproj", "{7142FAED-7B55-4EBB-9E69-36F87512D559}"
EndProject
Project("{9A19103F-16F7-4668-BE54-9A1E7A4F7556}") = "WebAGK.Bootstraper", "src\bootstraper\WebAGK.Bootstraper\WebAGK.Bootstraper.csproj", "{73F1263B-C98C-47AC-B273-4047286A449F}"
EndProject
Project("{2150E333-8FDC-42A3-9474-1A3956D46DE8}") = "Solution Items", "Solution Items", "{2D57CA65-0A27-41AC-B220-7CA7E3E05CD6}"
	ProjectSection(SolutionItems) = preProject
		docker-compose.yaml = docker-compose.yaml
	EndProjectSection
EndProject
Project("{2150E333-8FDC-42A3-9474-1A3956D46DE8}") = "Users", "Users", "{01536723-4E98-4ECA-AEA6-AE6CE99E663F}"
EndProject
Project("{9A19103F-16F7-4668-BE54-9A1E7A4F7556}") = "WebAGK.Module.Users.Api", "src\modules\Users\WebAGK.Module.Users.Api\WebAGK.Module.Users.Api.csproj", "{2A2A0C29-83A1-4E76-A143-3AF1C1DB1EFD}"
EndProject
Project("{9A19103F-16F7-4668-BE54-9A1E7A4F7556}") = "WebAGK.Module.Users.Core", "src\modules\Users\WebAGK.Module.Users.Core\WebAGK.Module.Users.Core.csproj", "{A299843D-B4CD-4FF7-9BD3-1B4228C8B804}"
EndProject
Project("{2150E333-8FDC-42A3-9474-1A3956D46DE8}") = "Webclient", "Webclient", "{5ECD135F-8731-4AD9-96E4-A233123766F9}"
EndProject
Project("{54A90642-561A-4BB1-A94E-469ADEE60C69}") = "webagk.client", "src\webclient\webagk.client\webagk.client.esproj", "{7323D798-8248-4D7F-8E6B-0BD6AA1AB321}"
EndProject
Project("{2150E333-8FDC-42A3-9474-1A3956D46DE8}") = "Modules", "Modules", "{7F5085C6-62D1-496E-B46D-F6F01FE54484}"
EndProject
Project("{FAE04EC0-301F-11D3-BF4B-00C04F79EFBC}") = "UsersTests", "tests\Modules\UsersTests\UsersTests.csproj", "{8AE06279-FF33-4A49-A29F-5EC60AD885A9}"
EndProject
Project("{2150E333-8FDC-42A3-9474-1A3956D46DE8}") = "Infrastructure", "Infrastructure", "{1DFD850A-F77A-4AD2-B1F0-8034BB44BBAF}"
EndProject
Project("{FAE04EC0-301F-11D3-BF4B-00C04F79EFBC}") = "InfrastructureTests", "tests\Infrastructure\InfrastructureTests\InfrastructureTests.csproj", "{0B916E87-F960-41C4-8ABD-A8BBD278E3D7}"
EndProject
Project("{FAE04EC0-301F-11D3-BF4B-00C04F79EFBC}") = "WebAGK.Shared.OpenXML", "src\shared\WebAGK.Shared.OpenXML\WebAGK.Shared.OpenXML\WebAGK.Shared.OpenXML.csproj", "{8D69FAFC-E73A-4E98-8134-9B01041DADEC}"
EndProject
Project("{FAE04EC0-301F-11D3-BF4B-00C04F79EFBC}") = "WebAGK.Module.Users.UseCases", "src\modules\Users\WebAGK.Module.Users.UseCases\WebAGK.Module.Users.UseCases.csproj", "{60F56CCA-8F2D-4F38-80C5-D2A4B36212C2}"
EndProject
Global
	GlobalSection(SolutionConfigurationPlatforms) = preSolution
		Debug|Any CPU = Debug|Any CPU
		Release|Any CPU = Release|Any CPU
	EndGlobalSection
	GlobalSection(ProjectConfigurationPlatforms) = postSolution
		{3B0959B0-FD4D-4A92-9A50-AFE64080A4C7}.Debug|Any CPU.ActiveCfg = Debug|Any CPU
		{3B0959B0-FD4D-4A92-9A50-AFE64080A4C7}.Debug|Any CPU.Build.0 = Debug|Any CPU
		{3B0959B0-FD4D-4A92-9A50-AFE64080A4C7}.Release|Any CPU.ActiveCfg = Release|Any CPU
		{3B0959B0-FD4D-4A92-9A50-AFE64080A4C7}.Release|Any CPU.Build.0 = Release|Any CPU
		{E9EDB0F9-98EC-46F2-BC62-90EED8BADE82}.Debug|Any CPU.ActiveCfg = Debug|Any CPU
		{E9EDB0F9-98EC-46F2-BC62-90EED8BADE82}.Debug|Any CPU.Build.0 = Debug|Any CPU
		{E9EDB0F9-98EC-46F2-BC62-90EED8BADE82}.Release|Any CPU.ActiveCfg = Release|Any CPU
		{E9EDB0F9-98EC-46F2-BC62-90EED8BADE82}.Release|Any CPU.Build.0 = Release|Any CPU
		{43283CE8-8AEB-4CD6-91DC-7B61D3D7DB47}.Debug|Any CPU.ActiveCfg = Debug|Any CPU
		{43283CE8-8AEB-4CD6-91DC-7B61D3D7DB47}.Debug|Any CPU.Build.0 = Debug|Any CPU
		{43283CE8-8AEB-4CD6-91DC-7B61D3D7DB47}.Release|Any CPU.ActiveCfg = Release|Any CPU
		{43283CE8-8AEB-4CD6-91DC-7B61D3D7DB47}.Release|Any CPU.Build.0 = Release|Any CPU
		{7142FAED-7B55-4EBB-9E69-36F87512D559}.Debug|Any CPU.ActiveCfg = Debug|Any CPU
		{7142FAED-7B55-4EBB-9E69-36F87512D559}.Debug|Any CPU.Build.0 = Debug|Any CPU
		{7142FAED-7B55-4EBB-9E69-36F87512D559}.Release|Any CPU.ActiveCfg = Release|Any CPU
		{7142FAED-7B55-4EBB-9E69-36F87512D559}.Release|Any CPU.Build.0 = Release|Any CPU
		{73F1263B-C98C-47AC-B273-4047286A449F}.Debug|Any CPU.ActiveCfg = Debug|Any CPU
		{73F1263B-C98C-47AC-B273-4047286A449F}.Debug|Any CPU.Build.0 = Debug|Any CPU
		{73F1263B-C98C-47AC-B273-4047286A449F}.Release|Any CPU.ActiveCfg = Release|Any CPU
		{73F1263B-C98C-47AC-B273-4047286A449F}.Release|Any CPU.Build.0 = Release|Any CPU
		{2A2A0C29-83A1-4E76-A143-3AF1C1DB1EFD}.Debug|Any CPU.ActiveCfg = Debug|Any CPU
		{2A2A0C29-83A1-4E76-A143-3AF1C1DB1EFD}.Debug|Any CPU.Build.0 = Debug|Any CPU
		{2A2A0C29-83A1-4E76-A143-3AF1C1DB1EFD}.Release|Any CPU.ActiveCfg = Release|Any CPU
		{2A2A0C29-83A1-4E76-A143-3AF1C1DB1EFD}.Release|Any CPU.Build.0 = Release|Any CPU
		{A299843D-B4CD-4FF7-9BD3-1B4228C8B804}.Debug|Any CPU.ActiveCfg = Debug|Any CPU
		{A299843D-B4CD-4FF7-9BD3-1B4228C8B804}.Debug|Any CPU.Build.0 = Debug|Any CPU
		{A299843D-B4CD-4FF7-9BD3-1B4228C8B804}.Release|Any CPU.ActiveCfg = Release|Any CPU
		{A299843D-B4CD-4FF7-9BD3-1B4228C8B804}.Release|Any CPU.Build.0 = Release|Any CPU
		{7323D798-8248-4D7F-8E6B-0BD6AA1AB321}.Debug|Any CPU.ActiveCfg = Debug|Any CPU
		{7323D798-8248-4D7F-8E6B-0BD6AA1AB321}.Debug|Any CPU.Build.0 = Debug|Any CPU
		{7323D798-8248-4D7F-8E6B-0BD6AA1AB321}.Debug|Any CPU.Deploy.0 = Debug|Any CPU
		{7323D798-8248-4D7F-8E6B-0BD6AA1AB321}.Release|Any CPU.ActiveCfg = Release|Any CPU
		{7323D798-8248-4D7F-8E6B-0BD6AA1AB321}.Release|Any CPU.Build.0 = Release|Any CPU
		{7323D798-8248-4D7F-8E6B-0BD6AA1AB321}.Release|Any CPU.Deploy.0 = Release|Any CPU
		{8AE06279-FF33-4A49-A29F-5EC60AD885A9}.Debug|Any CPU.ActiveCfg = Debug|Any CPU
		{8AE06279-FF33-4A49-A29F-5EC60AD885A9}.Debug|Any CPU.Build.0 = Debug|Any CPU
		{8AE06279-FF33-4A49-A29F-5EC60AD885A9}.Release|Any CPU.ActiveCfg = Release|Any CPU
		{8AE06279-FF33-4A49-A29F-5EC60AD885A9}.Release|Any CPU.Build.0 = Release|Any CPU
		{0B916E87-F960-41C4-8ABD-A8BBD278E3D7}.Debug|Any CPU.ActiveCfg = Debug|Any CPU
		{0B916E87-F960-41C4-8ABD-A8BBD278E3D7}.Debug|Any CPU.Build.0 = Debug|Any CPU
		{0B916E87-F960-41C4-8ABD-A8BBD278E3D7}.Release|Any CPU.ActiveCfg = Release|Any CPU
		{0B916E87-F960-41C4-8ABD-A8BBD278E3D7}.Release|Any CPU.Build.0 = Release|Any CPU
		{8D69FAFC-E73A-4E98-8134-9B01041DADEC}.Debug|Any CPU.ActiveCfg = Debug|Any CPU
		{8D69FAFC-E73A-4E98-8134-9B01041DADEC}.Debug|Any CPU.Build.0 = Debug|Any CPU
		{8D69FAFC-E73A-4E98-8134-9B01041DADEC}.Release|Any CPU.ActiveCfg = Release|Any CPU
		{8D69FAFC-E73A-4E98-8134-9B01041DADEC}.Release|Any CPU.Build.0 = Release|Any CPU
		{60F56CCA-8F2D-4F38-80C5-D2A4B36212C2}.Debug|Any CPU.ActiveCfg = Debug|Any CPU
		{60F56CCA-8F2D-4F38-80C5-D2A4B36212C2}.Debug|Any CPU.Build.0 = Debug|Any CPU
		{60F56CCA-8F2D-4F38-80C5-D2A4B36212C2}.Release|Any CPU.ActiveCfg = Release|Any CPU
		{60F56CCA-8F2D-4F38-80C5-D2A4B36212C2}.Release|Any CPU.Build.0 = Release|Any CPU
	EndGlobalSection
	GlobalSection(SolutionProperties) = preSolution
		HideSolutionNode = FALSE
	EndGlobalSection
	GlobalSection(NestedProjects) = preSolution
		{FF9EB9FE-4AFE-4B57-951D-5A91C963A7C0} = {17E488CA-F939-4E69-A95B-D2DB7135F628}
		{CAFE2E0A-D48A-43EE-8AC4-7F30F318EFF2} = {17E488CA-F939-4E69-A95B-D2DB7135F628}
		{B8A7B9F1-4E25-4AD6-8E52-3742D17A0D48} = {17E488CA-F939-4E69-A95B-D2DB7135F628}
		{3B0959B0-FD4D-4A92-9A50-AFE64080A4C7} = {CAFE2E0A-D48A-43EE-8AC4-7F30F318EFF2}
		{E9EDB0F9-98EC-46F2-BC62-90EED8BADE82} = {CAFE2E0A-D48A-43EE-8AC4-7F30F318EFF2}
		{1F0AAC55-C1BE-4F7C-BCCA-0CFFA565484C} = {B8A7B9F1-4E25-4AD6-8E52-3742D17A0D48}
		{43283CE8-8AEB-4CD6-91DC-7B61D3D7DB47} = {1F0AAC55-C1BE-4F7C-BCCA-0CFFA565484C}
		{7142FAED-7B55-4EBB-9E69-36F87512D559} = {1F0AAC55-C1BE-4F7C-BCCA-0CFFA565484C}
		{73F1263B-C98C-47AC-B273-4047286A449F} = {FF9EB9FE-4AFE-4B57-951D-5A91C963A7C0}
		{01536723-4E98-4ECA-AEA6-AE6CE99E663F} = {B8A7B9F1-4E25-4AD6-8E52-3742D17A0D48}
		{2A2A0C29-83A1-4E76-A143-3AF1C1DB1EFD} = {01536723-4E98-4ECA-AEA6-AE6CE99E663F}
		{A299843D-B4CD-4FF7-9BD3-1B4228C8B804} = {01536723-4E98-4ECA-AEA6-AE6CE99E663F}
		{5ECD135F-8731-4AD9-96E4-A233123766F9} = {17E488CA-F939-4E69-A95B-D2DB7135F628}
		{7323D798-8248-4D7F-8E6B-0BD6AA1AB321} = {5ECD135F-8731-4AD9-96E4-A233123766F9}
		{7F5085C6-62D1-496E-B46D-F6F01FE54484} = {7946FEE0-BF8C-4702-B5AE-DB8A46094A71}
		{8AE06279-FF33-4A49-A29F-5EC60AD885A9} = {7F5085C6-62D1-496E-B46D-F6F01FE54484}
		{1DFD850A-F77A-4AD2-B1F0-8034BB44BBAF} = {7946FEE0-BF8C-4702-B5AE-DB8A46094A71}
		{0B916E87-F960-41C4-8ABD-A8BBD278E3D7} = {1DFD850A-F77A-4AD2-B1F0-8034BB44BBAF}
		{8D69FAFC-E73A-4E98-8134-9B01041DADEC} = {CAFE2E0A-D48A-43EE-8AC4-7F30F318EFF2}
		{60F56CCA-8F2D-4F38-80C5-D2A4B36212C2} = {01536723-4E98-4ECA-AEA6-AE6CE99E663F}
	EndGlobalSection
	GlobalSection(ExtensibilityGlobals) = postSolution
		SolutionGuid = {1BF09D59-9778-48BC-9B37-74A570C5541D}
	EndGlobalSection
EndGlobal
